{
  "pins" : [
    {
      "identity" : "inoreaderswift",
      "kind" : "remoteSourceControl",
      "location" : "https://github.com/JosephPAntonetti/InoreaderSwift.git",
      "state" : {
        "revision" : "d3087d9035acc716d247f3ece4514db2e39b254a",
        "version" : "1.0.1"
      }
    }
  ],
  "version" : 2
}
