{
  "pins" : [
    {
      "identity" : "inoreaderswift",
      "kind" : "remoteSourceControl",
      "location" : "https://github.com/JosephPAntonetti/InoreaderSwift.git",
      "state" : {
        "revision" : "e4d523e539025101731ebfc4fa55063a84e882c6",
        "version" : "1.1.0"
      }
    }
  ],
  "version" : 2
}
